
Microsoft Visual Studio Solution File, Format Version 12.00
# Visual Studio 2013
VisualStudioVersion = 12.0.30723.0
MinimumVisualStudioVersion = 10.0.40219.1
Project("{FAE04EC0-301F-11D3-BF4B-00C04F79EFBC}") = "EventRaiser", "EventRaiser\EventRaiser.csproj", "{16A63A0C-8EAB-48A9-8B72-F6D154881D8A}"
EndProject
Project("{FAE04EC0-301F-11D3-BF4B-00C04F79EFBC}") = "EventRaiser.Tests", "EventRaiser.Tests\EventRaiser.Tests.csproj", "{88D92613-098E-441C-8233-F21A29182671}"
EndProject
Project("{2150E333-8FDC-42A3-9474-1A3956D46DE8}") = ".git", ".git", "{3449751E-D9AA-45D9-8CD8-F7E9640AF187}"
	ProjectSection(SolutionItems) = preProject
		.gitattributes = .gitattributes
		.gitignore = .gitignore
	EndProjectSection
EndProject
Project("{2150E333-8FDC-42A3-9474-1A3956D46DE8}") = "Solution Items", "Solution Items", "{5AD08F90-48D9-4F65-8806-E9A7E3EFC41D}"
	ProjectSection(SolutionItems) = preProject
		LICENSE = LICENSE
		README.md = README.md
	EndProjectSection
EndProject
Global
	GlobalSection(SolutionConfigurationPlatforms) = preSolution
		Debug|Any CPU = Debug|Any CPU
		Release|Any CPU = Release|Any CPU
	EndGlobalSection
	GlobalSection(ProjectConfigurationPlatforms) = postSolution
		{16A63A0C-8EAB-48A9-8B72-F6D154881D8A}.Debug|Any CPU.ActiveCfg = Debug|Any CPU
		{16A63A0C-8EAB-48A9-8B72-F6D154881D8A}.Debug|Any CPU.Build.0 = Debug|Any CPU
		{16A63A0C-8EAB-48A9-8B72-F6D154881D8A}.Release|Any CPU.ActiveCfg = Release|Any CPU
		{16A63A0C-8EAB-48A9-8B72-F6D154881D8A}.Release|Any CPU.Build.0 = Release|Any CPU
		{88D92613-098E-441C-8233-F21A29182671}.Debug|Any CPU.ActiveCfg = Debug|Any CPU
		{88D92613-098E-441C-8233-F21A29182671}.Debug|Any CPU.Build.0 = Debug|Any CPU
		{88D92613-098E-441C-8233-F21A29182671}.Release|Any CPU.ActiveCfg = Release|Any CPU
		{88D92613-098E-441C-8233-F21A29182671}.Release|Any CPU.Build.0 = Release|Any CPU
	EndGlobalSection
	GlobalSection(SolutionProperties) = preSolution
		HideSolutionNode = FALSE
	EndGlobalSection
EndGlobal
